
Microsoft Visual Studio Solution File, Format Version 12.00
# Visual Studio Version 17
VisualStudioVersion = 17.0.31903.59
MinimumVisualStudioVersion = 10.0.40219.1
Project("{2150E333-8FDC-42A3-9474-1A3956D46DE8}") = "src", "src", "{307329CE-1CF8-4959-9B2E-0CECFDCF6FEB}"
EndProject
Project("{FAE04EC0-301F-11D3-BF4B-00C04F79EFBC}") = "myApp", "src\myApp\myApp.csproj", "{7141F446-1403-4F8A-A858-38A2BEE22E6C}"
EndProject
Global
	GlobalSection(SolutionConfigurationPlatforms) = preSolution
		Debug|Any CPU = Debug|Any CPU
		Release|Any CPU = Release|Any CPU
	EndGlobalSection
	GlobalSection(SolutionProperties) = preSolution
		HideSolutionNode = FALSE
	EndGlobalSection
	GlobalSection(ProjectConfigurationPlatforms) = postSolution
		{7141F446-1403-4F8A-A858-38A2BEE22E6C}.Debug|Any CPU.ActiveCfg = Debug|Any CPU
		{7141F446-1403-4F8A-A858-38A2BEE22E6C}.Debug|Any CPU.Build.0 = Debug|Any CPU
		{7141F446-1403-4F8A-A858-38A2BEE22E6C}.Release|Any CPU.ActiveCfg = Release|Any CPU
		{7141F446-1403-4F8A-A858-38A2BEE22E6C}.Release|Any CPU.Build.0 = Release|Any CPU
	EndGlobalSection
	GlobalSection(NestedProjects) = preSolution
		{7141F446-1403-4F8A-A858-38A2BEE22E6C} = {307329CE-1CF8-4959-9B2E-0CECFDCF6FEB}
	EndGlobalSection
EndGlobal
