
Microsoft Visual Studio Solution File, Format Version 12.00
# Visual Studio Version 17
VisualStudioVersion = 17.5.002.0
MinimumVisualStudioVersion = 10.0.40219.1
Project("{2150E333-8FDC-42A3-9474-1A3956D46DE8}") = "src", "src", "{191F0FBE-7E03-41CA-9252-2D832E7ED1AE}"
EndProject
Project("{9A19103F-16F7-4668-BE54-9A1E7A4F7556}") = "myApp", "src\myApp\myApp.csproj", "{7DE41BC6-294A-40E6-B0B6-ACB6F0E8E7D6}"
EndProject
Global
	GlobalSection(SolutionConfigurationPlatforms) = preSolution
		Debug|Any CPU = Debug|Any CPU
		Release|Any CPU = Release|Any CPU
	EndGlobalSection
	GlobalSection(ProjectConfigurationPlatforms) = postSolution
		{7DE41BC6-294A-40E6-B0B6-ACB6F0E8E7D6}.Debug|Any CPU.ActiveCfg = Debug|Any CPU
		{7DE41BC6-294A-40E6-B0B6-ACB6F0E8E7D6}.Debug|Any CPU.Build.0 = Debug|Any CPU
		{7DE41BC6-294A-40E6-B0B6-ACB6F0E8E7D6}.Release|Any CPU.ActiveCfg = Release|Any CPU
		{7DE41BC6-294A-40E6-B0B6-ACB6F0E8E7D6}.Release|Any CPU.Build.0 = Release|Any CPU
	EndGlobalSection
	GlobalSection(SolutionProperties) = preSolution
		HideSolutionNode = FALSE
	EndGlobalSection
	GlobalSection(NestedProjects) = preSolution
		{7DE41BC6-294A-40E6-B0B6-ACB6F0E8E7D6} = {191F0FBE-7E03-41CA-9252-2D832E7ED1AE}
	EndGlobalSection
	GlobalSection(ExtensibilityGlobals) = postSolution
		SolutionGuid = {3833B8F8-1CF4-4991-BEF5-DD5DD0184502}
	EndGlobalSection
EndGlobal
